
Microsoft Visual Studio Solution File, Format Version 12.00
# Visual Studio Version 17
VisualStudioVersion = 17.3.32929.385
MinimumVisualStudioVersion = 10.0.40219.1
Project("{FAE04EC0-301F-11D3-BF4B-00C04F79EFBC}") = "IEnumerable and IEnumerator", "IEnumerable and IEnumerator\IEnumerable and IEnumerator.csproj", "{BB2467A5-833B-49D5-B9F1-95BC30233789}"
EndProject
Project("{FAE04EC0-301F-11D3-BF4B-00C04F79EFBC}") = "Just_IEnumerable", "IEnumerable\Just_IEnumerable.csproj", "{61E07F9F-A7E4-4E42-823C-384BC62FD5F1}"
EndProject
Global
	GlobalSection(SolutionConfigurationPlatforms) = preSolution
		Debug|Any CPU = Debug|Any CPU
		Release|Any CPU = Release|Any CPU
	EndGlobalSection
	GlobalSection(ProjectConfigurationPlatforms) = postSolution
		{BB2467A5-833B-49D5-B9F1-95BC30233789}.Debug|Any CPU.ActiveCfg = Debug|Any CPU
		{BB2467A5-833B-49D5-B9F1-95BC30233789}.Debug|Any CPU.Build.0 = Debug|Any CPU
		{BB2467A5-833B-49D5-B9F1-95BC30233789}.Release|Any CPU.ActiveCfg = Release|Any CPU
		{BB2467A5-833B-49D5-B9F1-95BC30233789}.Release|Any CPU.Build.0 = Release|Any CPU
		{61E07F9F-A7E4-4E42-823C-384BC62FD5F1}.Debug|Any CPU.ActiveCfg = Debug|Any CPU
		{61E07F9F-A7E4-4E42-823C-384BC62FD5F1}.Debug|Any CPU.Build.0 = Debug|Any CPU
		{61E07F9F-A7E4-4E42-823C-384BC62FD5F1}.Release|Any CPU.ActiveCfg = Release|Any CPU
		{61E07F9F-A7E4-4E42-823C-384BC62FD5F1}.Release|Any CPU.Build.0 = Release|Any CPU
	EndGlobalSection
	GlobalSection(SolutionProperties) = preSolution
		HideSolutionNode = FALSE
	EndGlobalSection
	GlobalSection(ExtensibilityGlobals) = postSolution
		SolutionGuid = {5D8E2FC0-0B79-4A05-8319-04A461B7873A}
	EndGlobalSection
EndGlobal
